{
  "nodes": {
    "flake-compat": {
      "flake": false,
      "locked": {
        "lastModified": 1650374568,
        "narHash": "sha256-Z+s0J8/r907g149rllvwhb4pKi8Wam5ij0st8PwAh+E=",
        "owner": "edolstra",
        "repo": "flake-compat",
        "rev": "b4a34015c698c7793d592d66adbab377907a2be8",
        "type": "github"
      },
      "original": {
        "owner": "edolstra",
        "repo": "flake-compat",
        "type": "github"
      }
    },
    "flake-utils": {
      "locked": {
        "lastModified": 1644229661,
        "narHash": "sha256-1YdnJAsNy69bpcjuoKdOYQX0YxZBiCYZo4Twxerqv7k=",
        "owner": "numtide",
        "repo": "flake-utils",
        "rev": "3cecb5b042f7f209c56ffd8371b2711a290ec797",
        "type": "github"
      },
      "original": {
        "owner": "numtide",
        "repo": "flake-utils",
        "type": "github"
      }
    },
    "home": {
      "inputs": {
        "nixpkgs": [
          "nixpkgs"
        ]
      },
      "locked": {
        "lastModified": 1652913097,
        "narHash": "sha256-hOs8Z5WYzCor+qP+JgSgrCJRC+UuN9pfTUnXqyRUBvY=",
        "owner": "nix-community",
        "repo": "home-manager",
        "rev": "cb9f03d519cf96fcd7dfb990cc0e586a62ca6e69",
        "type": "github"
      },
      "original": {
        "owner": "nix-community",
        "repo": "home-manager",
        "type": "github"
      }
    },
    "neovim-flake": {
      "inputs": {
        "flake-utils": "flake-utils",
        "nixpkgs": [
          "neovim-nightly",
          "nixpkgs"
        ]
      },
      "locked": {
        "dir": "contrib",
        "lastModified": 1652944630,
        "narHash": "sha256-Xs4kiu8e772KBwpR0HhPSgtePGZQzlOoDRvwIKROs+0=",
        "owner": "neovim",
        "repo": "neovim",
        "rev": "d200ba654a31e1387df5ef5e91c067182cc405d7",
        "type": "github"
      },
      "original": {
        "dir": "contrib",
        "owner": "neovim",
        "repo": "neovim",
        "type": "github"
      }
    },
    "neovim-nightly": {
      "inputs": {
        "flake-compat": "flake-compat",
        "neovim-flake": "neovim-flake",
        "nixpkgs": [
          "nixpkgs"
        ]
      },
      "locked": {
        "lastModified": 1652948236,
        "narHash": "sha256-eSZiDCNkgOX+6MpvFoYaSLDkCWve0nu/vvLuyvJggW4=",
        "owner": "nix-community",
        "repo": "neovim-nightly-overlay",
        "rev": "607e4d72abba8c969f60d488de56fbce3242c951",
        "type": "github"
      },
      "original": {
        "owner": "nix-community",
        "repo": "neovim-nightly-overlay",
        "type": "github"
      }
    },
    "nur": {
      "locked": {
        "lastModified": 1652969435,
        "narHash": "sha256-cbNoHYnKpAkhpx5wMnvXsZ9fvAsvVIPyk940nmOGog0=",
        "owner": "nix-community",
        "repo": "NUR",
        "rev": "c5a7e11a501bed777dcbd0c6c7ab2093199f50e3",
        "type": "github"
      },
      "original": {
        "owner": "nix-community",
        "repo": "NUR",
        "type": "github"
      }
    },
    "root": {
      "inputs": {
        "home": "home",
        "neovim-nightly": "neovim-nightly",
        "nixpkgs": [
          "unstable"
        ],
        "nur": "nur",
        "unstable": "unstable"
      }
    },
    "unstable": {
      "locked": {
        "lastModified": 1652794215,
        "narHash": "sha256-erVj41IcCPDWdt8CwT60ygD+SY/uhqip3RXwiESOCVk=",
        "owner": "nixos",
        "repo": "nixpkgs",
        "rev": "242efdc5a5aff8222c1152c0e4b9262bd02915b6",
        "type": "github"
      },
      "original": {
        "owner": "nixos",
        "ref": "nixos-unstable",
        "repo": "nixpkgs",
        "type": "github"
      }
    }
  },
  "root": "root",
  "version": 7
}
