{
  "nodes": {
    "flake-compat": {
      "flake": false,
      "locked": {
        "lastModified": 1650374568,
        "narHash": "sha256-Z+s0J8/r907g149rllvwhb4pKi8Wam5ij0st8PwAh+E=",
        "owner": "edolstra",
        "repo": "flake-compat",
        "rev": "b4a34015c698c7793d592d66adbab377907a2be8",
        "type": "github"
      },
      "original": {
        "owner": "edolstra",
        "repo": "flake-compat",
        "type": "github"
      }
    },
    "flake-utils": {
      "locked": {
        "lastModified": 1644229661,
        "narHash": "sha256-1YdnJAsNy69bpcjuoKdOYQX0YxZBiCYZo4Twxerqv7k=",
        "owner": "numtide",
        "repo": "flake-utils",
        "rev": "3cecb5b042f7f209c56ffd8371b2711a290ec797",
        "type": "github"
      },
      "original": {
        "owner": "numtide",
        "repo": "flake-utils",
        "type": "github"
      }
    },
    "home": {
      "inputs": {
        "nixpkgs": [
          "nixpkgs"
        ]
      },
      "locked": {
        "lastModified": 1652452047,
        "narHash": "sha256-O6DI0dMH/5rNM+z9CQ/nqRMNBpNsU7TtLSsafKLZTHY=",
        "owner": "nix-community",
        "repo": "home-manager",
        "rev": "32a7da69dc53c9eb5ad0675eb7fdc58f7fe35272",
        "type": "github"
      },
      "original": {
        "owner": "nix-community",
        "repo": "home-manager",
        "type": "github"
      }
    },
    "neovim-flake": {
      "inputs": {
        "flake-utils": "flake-utils",
        "nixpkgs": [
          "neovim-nightly",
          "nixpkgs"
        ]
      },
      "locked": {
        "dir": "contrib",
        "lastModified": 1652663256,
        "narHash": "sha256-9uUGLDNZ8suyfJ1T9n7jD6DcKcOtaDrR72AcrVYNls4=",
        "owner": "neovim",
        "repo": "neovim",
        "rev": "e501e4ed4ba86da12a9b4747fdc326b8366a38be",
        "type": "github"
      },
      "original": {
        "dir": "contrib",
        "owner": "neovim",
        "repo": "neovim",
        "type": "github"
      }
    },
    "neovim-nightly": {
      "inputs": {
        "flake-compat": "flake-compat",
        "neovim-flake": "neovim-flake",
        "nixpkgs": [
          "nixpkgs"
        ]
      },
      "locked": {
        "lastModified": 1652689065,
        "narHash": "sha256-kgpYbMMBstyyJqX4bMnGG7d+Y9AZueYq5esuZN156c8=",
        "owner": "nix-community",
        "repo": "neovim-nightly-overlay",
        "rev": "2ee0bf645a601cc3c82ab1776c6db7d33b006974",
        "type": "github"
      },
      "original": {
        "owner": "nix-community",
        "repo": "neovim-nightly-overlay",
        "type": "github"
      }
    },
    "nur": {
      "locked": {
        "lastModified": 1652736404,
        "narHash": "sha256-zOb1P1Iq0kCLFn4rcJaAd8w+yfXRepn9temQpSYVnpQ=",
        "owner": "nix-community",
        "repo": "NUR",
        "rev": "5a3b12f7ccdee2620be5076f37222cdbb4fde544",
        "type": "github"
      },
      "original": {
        "owner": "nix-community",
        "repo": "NUR",
        "type": "github"
      }
    },
    "root": {
      "inputs": {
        "home": "home",
        "neovim-nightly": "neovim-nightly",
        "nixpkgs": [
          "unstable"
        ],
        "nur": "nur",
        "unstable": "unstable"
      }
    },
    "unstable": {
      "locked": {
        "lastModified": 1652659998,
        "narHash": "sha256-FqNrXC1EE6U2RACwXBlsAvg1lqQGLYpuYb6+W3DL9vA=",
        "owner": "nixos",
        "repo": "nixpkgs",
        "rev": "1d7db1b9e4cf1ee075a9f52e5c36f7b9f4207502",
        "type": "github"
      },
      "original": {
        "owner": "nixos",
        "ref": "nixos-unstable",
        "repo": "nixpkgs",
        "type": "github"
      }
    }
  },
  "root": "root",
  "version": 7
}
