{
  "nodes": {
    "emacs": {
      "inputs": {
        "flake-utils": "flake-utils",
        "nixpkgs": [
          "nixpkgs"
        ]
      },
      "locked": {
        "lastModified": 1656757008,
        "narHash": "sha256-kqYEFrjSIUe9FSwZKaFGYu7s9/6+YiE9b418QLLnaPE=",
        "owner": "nix-community",
        "repo": "emacs-overlay",
        "rev": "a189248df5e56b652483675fd1d35727b6cc7a59",
        "type": "github"
      },
      "original": {
        "owner": "nix-community",
        "repo": "emacs-overlay",
        "type": "github"
      }
    },
    "flake-compat": {
      "flake": false,
      "locked": {
        "lastModified": 1650374568,
        "narHash": "sha256-Z+s0J8/r907g149rllvwhb4pKi8Wam5ij0st8PwAh+E=",
        "owner": "edolstra",
        "repo": "flake-compat",
        "rev": "b4a34015c698c7793d592d66adbab377907a2be8",
        "type": "github"
      },
      "original": {
        "owner": "edolstra",
        "repo": "flake-compat",
        "type": "github"
      }
    },
    "flake-utils": {
      "locked": {
        "lastModified": 1656065134,
        "narHash": "sha256-oc6E6ByIw3oJaIyc67maaFcnjYOz1mMcOtHxbEf9NwQ=",
        "owner": "numtide",
        "repo": "flake-utils",
        "rev": "bee6a7250dd1b01844a2de7e02e4df7d8a0a206c",
        "type": "github"
      },
      "original": {
        "owner": "numtide",
        "repo": "flake-utils",
        "type": "github"
      }
    },
    "flake-utils_2": {
      "locked": {
        "lastModified": 1644229661,
        "narHash": "sha256-1YdnJAsNy69bpcjuoKdOYQX0YxZBiCYZo4Twxerqv7k=",
        "owner": "numtide",
        "repo": "flake-utils",
        "rev": "3cecb5b042f7f209c56ffd8371b2711a290ec797",
        "type": "github"
      },
      "original": {
        "owner": "numtide",
        "repo": "flake-utils",
        "type": "github"
      }
    },
    "home": {
      "inputs": {
        "nixpkgs": [
          "nixpkgs"
        ],
        "utils": "utils"
      },
      "locked": {
        "lastModified": 1656367977,
        "narHash": "sha256-0hV17V9Up9pnAtPJ+787FhrsPnawxoTPA/VxgjRMrjc=",
        "owner": "nix-community",
        "repo": "home-manager",
        "rev": "3bf16c0fd141c28312be52945d1543f9ce557bb1",
        "type": "github"
      },
      "original": {
        "owner": "nix-community",
        "repo": "home-manager",
        "type": "github"
      }
    },
    "neovim-flake": {
      "inputs": {
        "flake-utils": "flake-utils_2",
        "nixpkgs": [
          "neovim-nightly",
          "nixpkgs"
        ]
      },
      "locked": {
        "dir": "contrib",
        "lastModified": 1656735907,
        "narHash": "sha256-6tDUHALUyszphRnZFCD7c78eESphfRX2L6FnWCVVNIc=",
        "owner": "neovim",
        "repo": "neovim",
        "rev": "a9de89894a2ff43dd511b38f20ab2815d6c7e2bd",
        "type": "github"
      },
      "original": {
        "dir": "contrib",
        "owner": "neovim",
        "repo": "neovim",
        "type": "github"
      }
    },
    "neovim-nightly": {
      "inputs": {
        "flake-compat": "flake-compat",
        "neovim-flake": "neovim-flake",
        "nixpkgs": [
          "nixpkgs"
        ]
      },
      "locked": {
        "lastModified": 1656749719,
        "narHash": "sha256-r/3k68MkeV1T6lSp2R9ewT+Bj1a6N3ZjUXE4y7fjJLk=",
        "owner": "nix-community",
        "repo": "neovim-nightly-overlay",
        "rev": "25b1177974a2d13c5bf3109f17940ce07c1cd043",
        "type": "github"
      },
      "original": {
        "owner": "nix-community",
        "repo": "neovim-nightly-overlay",
        "type": "github"
      }
    },
    "nur": {
      "locked": {
        "lastModified": 1656767962,
        "narHash": "sha256-d/xSmXFrIS6bz92AM/gfGeabkiF413GND6/PtydkHlY=",
        "owner": "nix-community",
        "repo": "NUR",
        "rev": "9edfb0c8f3fb110ec46216b648be2cbbd3592346",
        "type": "github"
      },
      "original": {
        "owner": "nix-community",
        "repo": "NUR",
        "type": "github"
      }
    },
    "root": {
      "inputs": {
        "emacs": "emacs",
        "home": "home",
        "neovim-nightly": "neovim-nightly",
        "nixpkgs": [
          "unstable"
        ],
        "nur": "nur",
        "unstable": "unstable"
      }
    },
    "unstable": {
      "locked": {
        "lastModified": 1656461576,
        "narHash": "sha256-rlmmw6lIlkMQIiB+NsnO8wQYWTfle8TA41UREPLP5VY=",
        "owner": "nixos",
        "repo": "nixpkgs",
        "rev": "cf3ab54b4afe2b7477faa1dd0b65bf74c055d70c",
        "type": "github"
      },
      "original": {
        "owner": "nixos",
        "ref": "nixos-unstable",
        "repo": "nixpkgs",
        "type": "github"
      }
    },
    "utils": {
      "locked": {
        "lastModified": 1653893745,
        "narHash": "sha256-0jntwV3Z8//YwuOjzhV2sgJJPt+HY6KhU7VZUL0fKZQ=",
        "owner": "numtide",
        "repo": "flake-utils",
        "rev": "1ed9fb1935d260de5fe1c2f7ee0ebaae17ed2fa1",
        "type": "github"
      },
      "original": {
        "owner": "numtide",
        "repo": "flake-utils",
        "type": "github"
      }
    }
  },
  "root": "root",
  "version": 7
}
